// !$*UTF8*$!
{
	archiveVersion = 1;
	classes = {
	};
	objectVersion = 46;
	objects = {

/* Begin PBXBuildFile section */
		38DE6A421DF816C500CD64B5 /* main.m in Sources */ = {isa = PBXBuildFile; fileRef = 38DE6A411DF816C500CD64B5 /* main.m */; };
		38DE6A451DF816C500CD64B5 /* AppDelegate.m in Sources */ = {isa = PBXBuildFile; fileRef = 38DE6A441DF816C500CD64B5 /* AppDelegate.m */; };
		38DE6A481DF816C500CD64B5 /* ViewController.m in Sources */ = {isa = PBXBuildFile; fileRef = 38DE6A471DF816C500CD64B5 /* ViewController.m */; };
		38DE6A4B1DF816C500CD64B5 /* Main.storyboard in Resources */ = {isa = PBXBuildFile; fileRef = 38DE6A491DF816C500CD64B5 /* Main.storyboard */; };
		38DE6A4E1DF816C600CD64B5 /* ZJMsgListViewCtl.xcdatamodeld in Sources */ = {isa = PBXBuildFile; fileRef = 38DE6A4C1DF816C600CD64B5 /* ZJMsgListViewCtl.xcdatamodeld */; };
		38DE6A501DF816C600CD64B5 /* Assets.xcassets in Resources */ = {isa = PBXBuildFile; fileRef = 38DE6A4F1DF816C600CD64B5 /* Assets.xcassets */; };
		38DE6A531DF816C600CD64B5 /* LaunchScreen.storyboard in Resources */ = {isa = PBXBuildFile; fileRef = 38DE6A511DF816C600CD64B5 /* LaunchScreen.storyboard */; };
		38DE6A5E1DF816C600CD64B5 /* ZJMsgListViewCtlTests.m in Sources */ = {isa = PBXBuildFile; fileRef = 38DE6A5D1DF816C600CD64B5 /* ZJMsgListViewCtlTests.m */; };
		38DE6A691DF816C600CD64B5 /* ZJMsgListViewCtlUITests.m in Sources */ = {isa = PBXBuildFile; fileRef = 38DE6A681DF816C600CD64B5 /* ZJMsgListViewCtlUITests.m */; };
		38DE6A971DF816DC00CD64B5 /* LICENSE in Resources */ = {isa = PBXBuildFile; fileRef = 38DE6A771DF816DC00CD64B5 /* LICENSE */; };
		38DE6A981DF816DC00CD64B5 /* README.md in Sources */ = {isa = PBXBuildFile; fileRef = 38DE6A781DF816DC00CD64B5 /* README.md */; };
		38DE6A991DF816DC00CD64B5 /* NSData+ImageContentType.m in Sources */ = {isa = PBXBuildFile; fileRef = 38DE6A7B1DF816DC00CD64B5 /* NSData+ImageContentType.m */; };
		38DE6A9A1DF816DC00CD64B5 /* SDImageCache.m in Sources */ = {isa = PBXBuildFile; fileRef = 38DE6A7D1DF816DC00CD64B5 /* SDImageCache.m */; };
		38DE6A9B1DF816DC00CD64B5 /* SDWebImageCompat.m in Sources */ = {isa = PBXBuildFile; fileRef = 38DE6A7F1DF816DC00CD64B5 /* SDWebImageCompat.m */; };
		38DE6A9C1DF816DC00CD64B5 /* SDWebImageDecoder.m in Sources */ = {isa = PBXBuildFile; fileRef = 38DE6A811DF816DC00CD64B5 /* SDWebImageDecoder.m */; };
		38DE6A9D1DF816DC00CD64B5 /* SDWebImageDownloader.m in Sources */ = {isa = PBXBuildFile; fileRef = 38DE6A831DF816DC00CD64B5 /* SDWebImageDownloader.m */; };
		38DE6A9E1DF816DC00CD64B5 /* SDWebImageDownloaderOperation.m in Sources */ = {isa = PBXBuildFile; fileRef = 38DE6A851DF816DC00CD64B5 /* SDWebImageDownloaderOperation.m */; };
		38DE6A9F1DF816DC00CD64B5 /* SDWebImageManager.m in Sources */ = {isa = PBXBuildFile; fileRef = 38DE6A871DF816DC00CD64B5 /* SDWebImageManager.m */; };
		38DE6AA01DF816DC00CD64B5 /* SDWebImagePrefetcher.m in Sources */ = {isa = PBXBuildFile; fileRef = 38DE6A8A1DF816DC00CD64B5 /* SDWebImagePrefetcher.m */; };
		38DE6AA11DF816DC00CD64B5 /* UIButton+WebCache.m in Sources */ = {isa = PBXBuildFile; fileRef = 38DE6A8C1DF816DC00CD64B5 /* UIButton+WebCache.m */; };
		38DE6AA21DF816DC00CD64B5 /* UIImage+GIF.m in Sources */ = {isa = PBXBuildFile; fileRef = 38DE6A8E1DF816DC00CD64B5 /* UIImage+GIF.m */; };
		38DE6AA31DF816DC00CD64B5 /* UIImage+MultiFormat.m in Sources */ = {isa = PBXBuildFile; fileRef = 38DE6A901DF816DC00CD64B5 /* UIImage+MultiFormat.m */; };
		38DE6AA41DF816DC00CD64B5 /* UIImageView+HighlightedWebCache.m in Sources */ = {isa = PBXBuildFile; fileRef = 38DE6A921DF816DC00CD64B5 /* UIImageView+HighlightedWebCache.m */; };
		38DE6AA51DF816DC00CD64B5 /* UIImageView+WebCache.m in Sources */ = {isa = PBXBuildFile; fileRef = 38DE6A941DF816DC00CD64B5 /* UIImageView+WebCache.m */; };
		38DE6AA61DF816DC00CD64B5 /* UIView+WebCacheOperation.m in Sources */ = {isa = PBXBuildFile; fileRef = 38DE6A961DF816DC00CD64B5 /* UIView+WebCacheOperation.m */; };
		38DE6AB61DF816F600CD64B5 /* MsgListCtl.m in Sources */ = {isa = PBXBuildFile; fileRef = 38DE6AAA1DF816F600CD64B5 /* MsgListCtl.m */; };
		38DE6AB71DF816F600CD64B5 /* MsgListModel.m in Sources */ = {isa = PBXBuildFile; fileRef = 38DE6AAD1DF816F600CD64B5 /* MsgListModel.m */; };
		38DE6AB81DF816F600CD64B5 /* redpoint.png in Resources */ = {isa = PBXBuildFile; fileRef = 38DE6AAF1DF816F600CD64B5 /* redpoint.png */; };
		38DE6AB91DF816F600CD64B5 /* 旋转1@2x.png in Resources */ = {isa = PBXBuildFile; fileRef = 38DE6AB01DF816F600CD64B5 /* 旋转1@2x.png */; };
		38DE6ABA1DF816F600CD64B5 /* 旋转@2x.png in Resources */ = {isa = PBXBuildFile; fileRef = 38DE6AB11DF816F600CD64B5 /* 旋转@2x.png */; };
		38DE6ABB1DF816F600CD64B5 /* 超时背景.jpg in Resources */ = {isa = PBXBuildFile; fileRef = 38DE6AB21DF816F600CD64B5 /* 超时背景.jpg */; };
		38DE6ABC1DF816F600CD64B5 /* MsgCell.m in Sources */ = {isa = PBXBuildFile; fileRef = 38DE6AB51DF816F600CD64B5 /* MsgCell.m */; };
/* End PBXBuildFile section */

/* Begin PBXContainerItemProxy section */
		38DE6A5A1DF816C600CD64B5 /* PBXContainerItemProxy */ = {
			isa = PBXContainerItemProxy;
			containerPortal = 38DE6A351DF816C500CD64B5 /* Project object */;
			proxyType = 1;
			remoteGlobalIDString = 38DE6A3C1DF816C500CD64B5;
			remoteInfo = ZJMsgListViewCtl;
		};
		38DE6A651DF816C600CD64B5 /* PBXContainerItemProxy */ = {
			isa = PBXContainerItemProxy;
			containerPortal = 38DE6A351DF816C500CD64B5 /* Project object */;
			proxyType = 1;
			remoteGlobalIDString = 38DE6A3C1DF816C500CD64B5;
			remoteInfo = ZJMsgListViewCtl;
		};
/* End PBXContainerItemProxy section */

/* Begin PBXFileReference section */
		38DE6A3D1DF816C500CD64B5 /* ZJMsgListViewCtl.app */ = {isa = PBXFileReference; explicitFileType = wrapper.application; includeInIndex = 0; path = ZJMsgListViewCtl.app; sourceTree = BUILT_PRODUCTS_DIR; };
		38DE6A411DF816C500CD64B5 /* main.m */ = {isa = PBXFileReference; lastKnownFileType = sourcecode.c.objc; path = main.m; sourceTree = "<group>"; };
		38DE6A431DF816C500CD64B5 /* AppDelegate.h */ = {isa = PBXFileReference; lastKnownFileType = sourcecode.c.h; path = AppDelegate.h; sourceTree = "<group>"; };
		38DE6A441DF816C500CD64B5 /* AppDelegate.m */ = {isa = PBXFileReference; lastKnownFileType = sourcecode.c.objc; path = AppDelegate.m; sourceTree = "<group>"; };
		38DE6A461DF816C500CD64B5 /* ViewController.h */ = {isa = PBXFileReference; lastKnownFileType = sourcecode.c.h; path = ViewController.h; sourceTree = "<group>"; };
		38DE6A471DF816C500CD64B5 /* ViewController.m */ = {isa = PBXFileReference; lastKnownFileType = sourcecode.c.objc; path = ViewController.m; sourceTree = "<group>"; };
		38DE6A4A1DF816C500CD64B5 /* Base */ = {isa = PBXFileReference; lastKnownFileType = file.storyboard; name = Base; path = Base.lproj/Main.storyboard; sourceTree = "<group>"; };
		38DE6A4D1DF816C600CD64B5 /* ZJMsgListViewCtl.xcdatamodel */ = {isa = PBXFileReference; lastKnownFileType = wrapper.xcdatamodel; path = ZJMsgListViewCtl.xcdatamodel; sourceTree = "<group>"; };
		38DE6A4F1DF816C600CD64B5 /* Assets.xcassets */ = {isa = PBXFileReference; lastKnownFileType = folder.assetcatalog; path = Assets.xcassets; sourceTree = "<group>"; };
		38DE6A521DF816C600CD64B5 /* Base */ = {isa = PBXFileReference; lastKnownFileType = file.storyboard; name = Base; path = Base.lproj/LaunchScreen.storyboard; sourceTree = "<group>"; };
		38DE6A541DF816C600CD64B5 /* Info.plist */ = {isa = PBXFileReference; lastKnownFileType = text.plist.xml; path = Info.plist; sourceTree = "<group>"; };
		38DE6A591DF816C600CD64B5 /* ZJMsgListViewCtlTests.xctest */ = {isa = PBXFileReference; explicitFileType = wrapper.cfbundle; includeInIndex = 0; path = ZJMsgListViewCtlTests.xctest; sourceTree = BUILT_PRODUCTS_DIR; };
		38DE6A5D1DF816C600CD64B5 /* ZJMsgListViewCtlTests.m */ = {isa = PBXFileReference; lastKnownFileType = sourcecode.c.objc; path = ZJMsgListViewCtlTests.m; sourceTree = "<group>"; };
		38DE6A5F1DF816C600CD64B5 /* Info.plist */ = {isa = PBXFileReference; lastKnownFileType = text.plist.xml; path = Info.plist; sourceTree = "<group>"; };
		38DE6A641DF816C600CD64B5 /* ZJMsgListViewCtlUITests.xctest */ = {isa = PBXFileReference; explicitFileType = wrapper.cfbundle; includeInIndex = 0; path = ZJMsgListViewCtlUITests.xctest; sourceTree = BUILT_PRODUCTS_DIR; };
		38DE6A681DF816C600CD64B5 /* ZJMsgListViewCtlUITests.m */ = {isa = PBXFileReference; lastKnownFileType = sourcecode.c.objc; path = ZJMsgListViewCtlUITests.m; sourceTree = "<group>"; };
		38DE6A6A1DF816C600CD64B5 /* Info.plist */ = {isa = PBXFileReference; lastKnownFileType = text.plist.xml; path = Info.plist; sourceTree = "<group>"; };
		38DE6A771DF816DC00CD64B5 /* LICENSE */ = {isa = PBXFileReference; fileEncoding = 4; lastKnownFileType = text; path = LICENSE; sourceTree = "<group>"; };
		38DE6A781DF816DC00CD64B5 /* README.md */ = {isa = PBXFileReference; fileEncoding = 4; lastKnownFileType = net.daringfireball.markdown; path = README.md; sourceTree = "<group>"; };
		38DE6A7A1DF816DC00CD64B5 /* NSData+ImageContentType.h */ = {isa = PBXFileReference; fileEncoding = 4; lastKnownFileType = sourcecode.c.h; path = "NSData+ImageContentType.h"; sourceTree = "<group>"; };
		38DE6A7B1DF816DC00CD64B5 /* NSData+ImageContentType.m */ = {isa = PBXFileReference; fileEncoding = 4; lastKnownFileType = sourcecode.c.objc; path = "NSData+ImageContentType.m"; sourceTree = "<group>"; };
		38DE6A7C1DF816DC00CD64B5 /* SDImageCache.h */ = {isa = PBXFileReference; fileEncoding = 4; lastKnownFileType = sourcecode.c.h; path = SDImageCache.h; sourceTree = "<group>"; };
		38DE6A7D1DF816DC00CD64B5 /* SDImageCache.m */ = {isa = PBXFileReference; fileEncoding = 4; lastKnownFileType = sourcecode.c.objc; path = SDImageCache.m; sourceTree = "<group>"; };
		38DE6A7E1DF816DC00CD64B5 /* SDWebImageCompat.h */ = {isa = PBXFileReference; fileEncoding = 4; lastKnownFileType = sourcecode.c.h; path = SDWebImageCompat.h; sourceTree = "<group>"; };
		38DE6A7F1DF816DC00CD64B5 /* SDWebImageCompat.m */ = {isa = PBXFileReference; fileEncoding = 4; lastKnownFileType = sourcecode.c.objc; path = SDWebImageCompat.m; sourceTree = "<group>"; };
		38DE6A801DF816DC00CD64B5 /* SDWebImageDecoder.h */ = {isa = PBXFileReference; fileEncoding = 4; lastKnownFileType = sourcecode.c.h; path = SDWebImageDecoder.h; sourceTree = "<group>"; };
		38DE6A811DF816DC00CD64B5 /* SDWebImageDecoder.m */ = {isa = PBXFileReference; fileEncoding = 4; lastKnownFileType = sourcecode.c.objc; path = SDWebImageDecoder.m; sourceTree = "<group>"; };
		38DE6A821DF816DC00CD64B5 /* SDWebImageDownloader.h */ = {isa = PBXFileReference; fileEncoding = 4; lastKnownFileType = sourcecode.c.h; path = SDWebImageDownloader.h; sourceTree = "<group>"; };
		38DE6A831DF816DC00CD64B5 /* SDWebImageDownloader.m */ = {isa = PBXFileReference; fileEncoding = 4; lastKnownFileType = sourcecode.c.objc; path = SDWebImageDownloader.m; sourceTree = "<group>"; };
		38DE6A841DF816DC00CD64B5 /* SDWebImageDownloaderOperation.h */ = {isa = PBXFileReference; fileEncoding = 4; lastKnownFileType = sourcecode.c.h; path = SDWebImageDownloaderOperation.h; sourceTree = "<group>"; };
		38DE6A851DF816DC00CD64B5 /* SDWebImageDownloaderOperation.m */ = {isa = PBXFileReference; fileEncoding = 4; lastKnownFileType = sourcecode.c.objc; path = SDWebImageDownloaderOperation.m; sourceTree = "<group>"; };
		38DE6A861DF816DC00CD64B5 /* SDWebImageManager.h */ = {isa = PBXFileReference; fileEncoding = 4; lastKnownFileType = sourcecode.c.h; path = SDWebImageManager.h; sourceTree = "<group>"; };
		38DE6A871DF816DC00CD64B5 /* SDWebImageManager.m */ = {isa = PBXFileReference; fileEncoding = 4; lastKnownFileType = sourcecode.c.objc; path = SDWebImageManager.m; sourceTree = "<group>"; };
		38DE6A881DF816DC00CD64B5 /* SDWebImageOperation.h */ = {isa = PBXFileReference; fileEncoding = 4; lastKnownFileType = sourcecode.c.h; path = SDWebImageOperation.h; sourceTree = "<group>"; };
		38DE6A891DF816DC00CD64B5 /* SDWebImagePrefetcher.h */ = {isa = PBXFileReference; fileEncoding = 4; lastKnownFileType = sourcecode.c.h; path = SDWebImagePrefetcher.h; sourceTree = "<group>"; };
		38DE6A8A1DF816DC00CD64B5 /* SDWebImagePrefetcher.m */ = {isa = PBXFileReference; fileEncoding = 4; lastKnownFileType = sourcecode.c.objc; path = SDWebImagePrefetcher.m; sourceTree = "<group>"; };
		38DE6A8B1DF816DC00CD64B5 /* UIButton+WebCache.h */ = {isa = PBXFileReference; fileEncoding = 4; lastKnownFileType = sourcecode.c.h; path = "UIButton+WebCache.h"; sourceTree = "<group>"; };
		38DE6A8C1DF816DC00CD64B5 /* UIButton+WebCache.m */ = {isa = PBXFileReference; fileEncoding = 4; lastKnownFileType = sourcecode.c.objc; path = "UIButton+WebCache.m"; sourceTree = "<group>"; };
		38DE6A8D1DF816DC00CD64B5 /* UIImage+GIF.h */ = {isa = PBXFileReference; fileEncoding = 4; lastKnownFileType = sourcecode.c.h; path = "UIImage+GIF.h"; sourceTree = "<group>"; };
		38DE6A8E1DF816DC00CD64B5 /* UIImage+GIF.m */ = {isa = PBXFileReference; fileEncoding = 4; lastKnownFileType = sourcecode.c.objc; path = "UIImage+GIF.m"; sourceTree = "<group>"; };
		38DE6A8F1DF816DC00CD64B5 /* UIImage+MultiFormat.h */ = {isa = PBXFileReference; fileEncoding = 4; lastKnownFileType = sourcecode.c.h; path = "UIImage+MultiFormat.h"; sourceTree = "<group>"; };
		38DE6A901DF816DC00CD64B5 /* UIImage+MultiFormat.m */ = {isa = PBXFileReference; fileEncoding = 4; lastKnownFileType = sourcecode.c.objc; path = "UIImage+MultiFormat.m"; sourceTree = "<group>"; };
		38DE6A911DF816DC00CD64B5 /* UIImageView+HighlightedWebCache.h */ = {isa = PBXFileReference; fileEncoding = 4; lastKnownFileType = sourcecode.c.h; path = "UIImageView+HighlightedWebCache.h"; sourceTree = "<group>"; };
		38DE6A921DF816DC00CD64B5 /* UIImageView+HighlightedWebCache.m */ = {isa = PBXFileReference; fileEncoding = 4; lastKnownFileType = sourcecode.c.objc; path = "UIImageView+HighlightedWebCache.m"; sourceTree = "<group>"; };
		38DE6A931DF816DC00CD64B5 /* UIImageView+WebCache.h */ = {isa = PBXFileReference; fileEncoding = 4; lastKnownFileType = sourcecode.c.h; path = "UIImageView+WebCache.h"; sourceTree = "<group>"; };
		38DE6A941DF816DC00CD64B5 /* UIImageView+WebCache.m */ = {isa = PBXFileReference; fileEncoding = 4; lastKnownFileType = sourcecode.c.objc; path = "UIImageView+WebCache.m"; sourceTree = "<group>"; };
		38DE6A951DF816DC00CD64B5 /* UIView+WebCacheOperation.h */ = {isa = PBXFileReference; fileEncoding = 4; lastKnownFileType = sourcecode.c.h; path = "UIView+WebCacheOperation.h"; sourceTree = "<group>"; };
		38DE6A961DF816DC00CD64B5 /* UIView+WebCacheOperation.m */ = {isa = PBXFileReference; fileEncoding = 4; lastKnownFileType = sourcecode.c.objc; path = "UIView+WebCacheOperation.m"; sourceTree = "<group>"; };
		38DE6AA91DF816F600CD64B5 /* MsgListCtl.h */ = {isa = PBXFileReference; fileEncoding = 4; lastKnownFileType = sourcecode.c.h; path = MsgListCtl.h; sourceTree = "<group>"; };
		38DE6AAA1DF816F600CD64B5 /* MsgListCtl.m */ = {isa = PBXFileReference; fileEncoding = 4; lastKnownFileType = sourcecode.c.objc; path = MsgListCtl.m; sourceTree = "<group>"; };
		38DE6AAC1DF816F600CD64B5 /* MsgListModel.h */ = {isa = PBXFileReference; fileEncoding = 4; lastKnownFileType = sourcecode.c.h; path = MsgListModel.h; sourceTree = "<group>"; };
		38DE6AAD1DF816F600CD64B5 /* MsgListModel.m */ = {isa = PBXFileReference; fileEncoding = 4; lastKnownFileType = sourcecode.c.objc; path = MsgListModel.m; sourceTree = "<group>"; };
		38DE6AAF1DF816F600CD64B5 /* redpoint.png */ = {isa = PBXFileReference; lastKnownFileType = image.png; path = redpoint.png; sourceTree = "<group>"; };
		38DE6AB01DF816F600CD64B5 /* 旋转1@2x.png */ = {isa = PBXFileReference; lastKnownFileType = image.png; path = "旋转1@2x.png"; sourceTree = "<group>"; };
		38DE6AB11DF816F600CD64B5 /* 旋转@2x.png */ = {isa = PBXFileReference; lastKnownFileType = image.png; path = "旋转@2x.png"; sourceTree = "<group>"; };
		38DE6AB21DF816F600CD64B5 /* 超时背景.jpg */ = {isa = PBXFileReference; lastKnownFileType = image.jpeg; path = "超时背景.jpg"; sourceTree = "<group>"; };
		38DE6AB41DF816F600CD64B5 /* MsgCell.h */ = {isa = PBXFileReference; fileEncoding = 4; lastKnownFileType = sourcecode.c.h; path = MsgCell.h; sourceTree = "<group>"; };
		38DE6AB51DF816F600CD64B5 /* MsgCell.m */ = {isa = PBXFileReference; fileEncoding = 4; lastKnownFileType = sourcecode.c.objc; path = MsgCell.m; sourceTree = "<group>"; };
/* End PBXFileReference section */

/* Begin PBXFrameworksBuildPhase section */
		38DE6A3A1DF816C500CD64B5 /* Frameworks */ = {
			isa = PBXFrameworksBuildPhase;
			buildActionMask = 2147483647;
			files = (
			);
			runOnlyForDeploymentPostprocessing = 0;
		};
		38DE6A561DF816C600CD64B5 /* Frameworks */ = {
			isa = PBXFrameworksBuildPhase;
			buildActionMask = 2147483647;
			files = (
			);
			runOnlyForDeploymentPostprocessing = 0;
		};
		38DE6A611DF816C600CD64B5 /* Frameworks */ = {
			isa = PBXFrameworksBuildPhase;
			buildActionMask = 2147483647;
			files = (
			);
			runOnlyForDeploymentPostprocessing = 0;
		};
/* End PBXFrameworksBuildPhase section */

/* Begin PBXGroup section */
		38DE6A341DF816C500CD64B5 = {
			isa = PBXGroup;
			children = (
				38DE6A3F1DF816C500CD64B5 /* ZJMsgListViewCtl */,
				38DE6A5C1DF816C600CD64B5 /* ZJMsgListViewCtlTests */,
				38DE6A671DF816C600CD64B5 /* ZJMsgListViewCtlUITests */,
				38DE6A3E1DF816C500CD64B5 /* Products */,
			);
			sourceTree = "<group>";
		};
		38DE6A3E1DF816C500CD64B5 /* Products */ = {
			isa = PBXGroup;
			children = (
				38DE6A3D1DF816C500CD64B5 /* ZJMsgListViewCtl.app */,
				38DE6A591DF816C600CD64B5 /* ZJMsgListViewCtlTests.xctest */,
				38DE6A641DF816C600CD64B5 /* ZJMsgListViewCtlUITests.xctest */,
			);
			name = Products;
			sourceTree = "<group>";
		};
		38DE6A3F1DF816C500CD64B5 /* ZJMsgListViewCtl */ = {
			isa = PBXGroup;
			children = (
				38DE6AA71DF816F600CD64B5 /* ZJMsgListViewCtl */,
				38DE6A761DF816DC00CD64B5 /* SDWebImage */,
				38DE6A431DF816C500CD64B5 /* AppDelegate.h */,
				38DE6A441DF816C500CD64B5 /* AppDelegate.m */,
				38DE6A461DF816C500CD64B5 /* ViewController.h */,
				38DE6A471DF816C500CD64B5 /* ViewController.m */,
				38DE6A491DF816C500CD64B5 /* Main.storyboard */,
				38DE6A4F1DF816C600CD64B5 /* Assets.xcassets */,
				38DE6A511DF816C600CD64B5 /* LaunchScreen.storyboard */,
				38DE6A541DF816C600CD64B5 /* Info.plist */,
				38DE6A4C1DF816C600CD64B5 /* ZJMsgListViewCtl.xcdatamodeld */,
				38DE6A401DF816C500CD64B5 /* Supporting Files */,
			);
			path = ZJMsgListViewCtl;
			sourceTree = "<group>";
		};
		38DE6A401DF816C500CD64B5 /* Supporting Files */ = {
			isa = PBXGroup;
			children = (
				38DE6A411DF816C500CD64B5 /* main.m */,
			);
			name = "Supporting Files";
			sourceTree = "<group>";
		};
		38DE6A5C1DF816C600CD64B5 /* ZJMsgListViewCtlTests */ = {
			isa = PBXGroup;
			children = (
				38DE6A5D1DF816C600CD64B5 /* ZJMsgListViewCtlTests.m */,
				38DE6A5F1DF816C600CD64B5 /* Info.plist */,
			);
			path = ZJMsgListViewCtlTests;
			sourceTree = "<group>";
		};
		38DE6A671DF816C600CD64B5 /* ZJMsgListViewCtlUITests */ = {
			isa = PBXGroup;
			children = (
				38DE6A681DF816C600CD64B5 /* ZJMsgListViewCtlUITests.m */,
				38DE6A6A1DF816C600CD64B5 /* Info.plist */,
			);
			path = ZJMsgListViewCtlUITests;
			sourceTree = "<group>";
		};
		38DE6A761DF816DC00CD64B5 /* SDWebImage */ = {
			isa = PBXGroup;
			children = (
				38DE6A771DF816DC00CD64B5 /* LICENSE */,
				38DE6A781DF816DC00CD64B5 /* README.md */,
				38DE6A791DF816DC00CD64B5 /* SDWebImage */,
			);
			path = SDWebImage;
			sourceTree = "<group>";
		};
		38DE6A791DF816DC00CD64B5 /* SDWebImage */ = {
			isa = PBXGroup;
			children = (
				38DE6A7A1DF816DC00CD64B5 /* NSData+ImageContentType.h */,
				38DE6A7B1DF816DC00CD64B5 /* NSData+ImageContentType.m */,
				38DE6A7C1DF816DC00CD64B5 /* SDImageCache.h */,
				38DE6A7D1DF816DC00CD64B5 /* SDImageCache.m */,
				38DE6A7E1DF816DC00CD64B5 /* SDWebImageCompat.h */,
				38DE6A7F1DF816DC00CD64B5 /* SDWebImageCompat.m */,
				38DE6A801DF816DC00CD64B5 /* SDWebImageDecoder.h */,
				38DE6A811DF816DC00CD64B5 /* SDWebImageDecoder.m */,
				38DE6A821DF816DC00CD64B5 /* SDWebImageDownloader.h */,
				38DE6A831DF816DC00CD64B5 /* SDWebImageDownloader.m */,
				38DE6A841DF816DC00CD64B5 /* SDWebImageDownloaderOperation.h */,
				38DE6A851DF816DC00CD64B5 /* SDWebImageDownloaderOperation.m */,
				38DE6A861DF816DC00CD64B5 /* SDWebImageManager.h */,
				38DE6A871DF816DC00CD64B5 /* SDWebImageManager.m */,
				38DE6A881DF816DC00CD64B5 /* SDWebImageOperation.h */,
				38DE6A891DF816DC00CD64B5 /* SDWebImagePrefetcher.h */,
				38DE6A8A1DF816DC00CD64B5 /* SDWebImagePrefetcher.m */,
				38DE6A8B1DF816DC00CD64B5 /* UIButton+WebCache.h */,
				38DE6A8C1DF816DC00CD64B5 /* UIButton+WebCache.m */,
				38DE6A8D1DF816DC00CD64B5 /* UIImage+GIF.h */,
				38DE6A8E1DF816DC00CD64B5 /* UIImage+GIF.m */,
				38DE6A8F1DF816DC00CD64B5 /* UIImage+MultiFormat.h */,
				38DE6A901DF816DC00CD64B5 /* UIImage+MultiFormat.m */,
				38DE6A911DF816DC00CD64B5 /* UIImageView+HighlightedWebCache.h */,
				38DE6A921DF816DC00CD64B5 /* UIImageView+HighlightedWebCache.m */,
				38DE6A931DF816DC00CD64B5 /* UIImageView+WebCache.h */,
				38DE6A941DF816DC00CD64B5 /* UIImageView+WebCache.m */,
				38DE6A951DF816DC00CD64B5 /* UIView+WebCacheOperation.h */,
				38DE6A961DF816DC00CD64B5 /* UIView+WebCacheOperation.m */,
			);
			path = SDWebImage;
			sourceTree = "<group>";
		};
		38DE6AA71DF816F600CD64B5 /* ZJMsgListViewCtl */ = {
			isa = PBXGroup;
			children = (
				38DE6AA81DF816F600CD64B5 /* Controller */,
				38DE6AAB1DF816F600CD64B5 /* Model */,
				38DE6AAE1DF816F600CD64B5 /* Resources */,
				38DE6AB31DF816F600CD64B5 /* Views */,
			);
			path = ZJMsgListViewCtl;
			sourceTree = "<group>";
		};
		38DE6AA81DF816F600CD64B5 /* Controller */ = {
			isa = PBXGroup;
			children = (
				38DE6AA91DF816F600CD64B5 /* MsgListCtl.h */,
				38DE6AAA1DF816F600CD64B5 /* MsgListCtl.m */,
			);
			path = Controller;
			sourceTree = "<group>";
		};
		38DE6AAB1DF816F600CD64B5 /* Model */ = {
			isa = PBXGroup;
			children = (
				38DE6AAC1DF816F600CD64B5 /* MsgListModel.h */,
				38DE6AAD1DF816F600CD64B5 /* MsgListModel.m */,
			);
			path = Model;
			sourceTree = "<group>";
		};
		38DE6AAE1DF816F600CD64B5 /* Resources */ = {
			isa = PBXGroup;
			children = (
				38DE6AAF1DF816F600CD64B5 /* redpoint.png */,
				38DE6AB01DF816F600CD64B5 /* 旋转1@2x.png */,
				38DE6AB11DF816F600CD64B5 /* 旋转@2x.png */,
				38DE6AB21DF816F600CD64B5 /* 超时背景.jpg */,
			);
			path = Resources;
			sourceTree = "<group>";
		};
		38DE6AB31DF816F600CD64B5 /* Views */ = {
			isa = PBXGroup;
			children = (
				38DE6AB41DF816F600CD64B5 /* MsgCell.h */,
				38DE6AB51DF816F600CD64B5 /* MsgCell.m */,
			);
			path = Views;
			sourceTree = "<group>";
		};
/* End PBXGroup section */

/* Begin PBXNativeTarget section */
		38DE6A3C1DF816C500CD64B5 /* ZJMsgListViewCtl */ = {
			isa = PBXNativeTarget;
			buildConfigurationList = 38DE6A6D1DF816C600CD64B5 /* Build configuration list for PBXNativeTarget "ZJMsgListViewCtl" */;
			buildPhases = (
				38DE6A391DF816C500CD64B5 /* Sources */,
				38DE6A3A1DF816C500CD64B5 /* Frameworks */,
				38DE6A3B1DF816C500CD64B5 /* Resources */,
			);
			buildRules = (
			);
			dependencies = (
			);
			name = ZJMsgListViewCtl;
			productName = ZJMsgListViewCtl;
			productReference = 38DE6A3D1DF816C500CD64B5 /* ZJMsgListViewCtl.app */;
			productType = "com.apple.product-type.application";
		};
		38DE6A581DF816C600CD64B5 /* ZJMsgListViewCtlTests */ = {
			isa = PBXNativeTarget;
			buildConfigurationList = 38DE6A701DF816C600CD64B5 /* Build configuration list for PBXNativeTarget "ZJMsgListViewCtlTests" */;
			buildPhases = (
				38DE6A551DF816C600CD64B5 /* Sources */,
				38DE6A561DF816C600CD64B5 /* Frameworks */,
				38DE6A571DF816C600CD64B5 /* Resources */,
			);
			buildRules = (
			);
			dependencies = (
				38DE6A5B1DF816C600CD64B5 /* PBXTargetDependency */,
			);
			name = ZJMsgListViewCtlTests;
			productName = ZJMsgListViewCtlTests;
			productReference = 38DE6A591DF816C600CD64B5 /* ZJMsgListViewCtlTests.xctest */;
			productType = "com.apple.product-type.bundle.unit-test";
		};
		38DE6A631DF816C600CD64B5 /* ZJMsgListViewCtlUITests */ = {
			isa = PBXNativeTarget;
			buildConfigurationList = 38DE6A731DF816C600CD64B5 /* Build configuration list for PBXNativeTarget "ZJMsgListViewCtlUITests" */;
			buildPhases = (
				38DE6A601DF816C600CD64B5 /* Sources */,
				38DE6A611DF816C600CD64B5 /* Frameworks */,
				38DE6A621DF816C600CD64B5 /* Resources */,
			);
			buildRules = (
			);
			dependencies = (
				38DE6A661DF816C600CD64B5 /* PBXTargetDependency */,
			);
			name = ZJMsgListViewCtlUITests;
			productName = ZJMsgListViewCtlUITests;
			productReference = 38DE6A641DF816C600CD64B5 /* ZJMsgListViewCtlUITests.xctest */;
			productType = "com.apple.product-type.bundle.ui-testing";
		};
/* End PBXNativeTarget section */

/* Begin PBXProject section */
		38DE6A351DF816C500CD64B5 /* Project object */ = {
			isa = PBXProject;
			attributes = {
				LastUpgradeCheck = 0810;
				ORGANIZATIONNAME = zj;
				TargetAttributes = {
					38DE6A3C1DF816C500CD64B5 = {
						CreatedOnToolsVersion = 8.1;
						ProvisioningStyle = Automatic;
					};
					38DE6A581DF816C600CD64B5 = {
						CreatedOnToolsVersion = 8.1;
						ProvisioningStyle = Automatic;
						TestTargetID = 38DE6A3C1DF816C500CD64B5;
					};
					38DE6A631DF816C600CD64B5 = {
						CreatedOnToolsVersion = 8.1;
						ProvisioningStyle = Automatic;
						TestTargetID = 38DE6A3C1DF816C500CD64B5;
					};
				};
			};
			buildConfigurationList = 38DE6A381DF816C500CD64B5 /* Build configuration list for PBXProject "ZJMsgListViewCtl" */;
			compatibilityVersion = "Xcode 3.2";
			developmentRegion = English;
			hasScannedForEncodings = 0;
			knownRegions = (
				en,
				Base,
			);
			mainGroup = 38DE6A341DF816C500CD64B5;
			productRefGroup = 38DE6A3E1DF816C500CD64B5 /* Products */;
			projectDirPath = "";
			projectRoot = "";
			targets = (
				38DE6A3C1DF816C500CD64B5 /* ZJMsgListViewCtl */,
				38DE6A581DF816C600CD64B5 /* ZJMsgListViewCtlTests */,
				38DE6A631DF816C600CD64B5 /* ZJMsgListViewCtlUITests */,
			);
		};
/* End PBXProject section */

/* Begin PBXResourcesBuildPhase section */
		38DE6A3B1DF816C500CD64B5 /* Resources */ = {
			isa = PBXResourcesBuildPhase;
			buildActionMask = 2147483647;
			files = (
				38DE6A531DF816C600CD64B5 /* LaunchScreen.storyboard in Resources */,
				38DE6AB91DF816F600CD64B5 /* 旋转1@2x.png in Resources */,
				38DE6AB81DF816F600CD64B5 /* redpoint.png in Resources */,
				38DE6A501DF816C600CD64B5 /* Assets.xcassets in Resources */,
				38DE6ABA1DF816F600CD64B5 /* 旋转@2x.png in Resources */,
				38DE6ABB1DF816F600CD64B5 /* 超时背景.jpg in Resources */,
				38DE6A971DF816DC00CD64B5 /* LICENSE in Resources */,
				38DE6A4B1DF816C500CD64B5 /* Main.storyboard in Resources */,
			);
			runOnlyForDeploymentPostprocessing = 0;
		};
		38DE6A571DF816C600CD64B5 /* Resources */ = {
			isa = PBXResourcesBuildPhase;
			buildActionMask = 2147483647;
			files = (
			);
			runOnlyForDeploymentPostprocessing = 0;
		};
		38DE6A621DF816C600CD64B5 /* Resources */ = {
			isa = PBXResourcesBuildPhase;
			buildActionMask = 2147483647;
			files = (
			);
			runOnlyForDeploymentPostprocessing = 0;
		};
/* End PBXResourcesBuildPhase section */

/* Begin PBXSourcesBuildPhase section */
		38DE6A391DF816C500CD64B5 /* Sources */ = {
			isa = PBXSourcesBuildPhase;
			buildActionMask = 2147483647;
			files = (
				38DE6AA41DF816DC00CD64B5 /* UIImageView+HighlightedWebCache.m in Sources */,
				38DE6ABC1DF816F600CD64B5 /* MsgCell.m in Sources */,
				38DE6AA31DF816DC00CD64B5 /* UIImage+MultiFormat.m in Sources */,
				38DE6A9E1DF816DC00CD64B5 /* SDWebImageDownloaderOperation.m in Sources */,
				38DE6A481DF816C500CD64B5 /* ViewController.m in Sources */,
				38DE6A9B1DF816DC00CD64B5 /* SDWebImageCompat.m in Sources */,
				38DE6AA61DF816DC00CD64B5 /* UIView+WebCacheOperation.m in Sources */,
				38DE6AA21DF816DC00CD64B5 /* UIImage+GIF.m in Sources */,
				38DE6AA01DF816DC00CD64B5 /* SDWebImagePrefetcher.m in Sources */,
				38DE6A451DF816C500CD64B5 /* AppDelegate.m in Sources */,
				38DE6A981DF816DC00CD64B5 /* README.md in Sources */,
				38DE6A9D1DF816DC00CD64B5 /* SDWebImageDownloader.m in Sources */,
				38DE6AA11DF816DC00CD64B5 /* UIButton+WebCache.m in Sources */,
				38DE6A4E1DF816C600CD64B5 /* ZJMsgListViewCtl.xcdatamodeld in Sources */,
				38DE6AB61DF816F600CD64B5 /* MsgListCtl.m in Sources */,
				38DE6A991DF816DC00CD64B5 /* NSData+ImageContentType.m in Sources */,
				38DE6A421DF816C500CD64B5 /* main.m in Sources */,
				38DE6AA51DF816DC00CD64B5 /* UIImageView+WebCache.m in Sources */,
				38DE6AB71DF816F600CD64B5 /* MsgListModel.m in Sources */,
				38DE6A9F1DF816DC00CD64B5 /* SDWebImageManager.m in Sources */,
				38DE6A9C1DF816DC00CD64B5 /* SDWebImageDecoder.m in Sources */,
				38DE6A9A1DF816DC00CD64B5 /* SDImageCache.m in Sources */,
			);
			runOnlyForDeploymentPostprocessing = 0;
		};
		38DE6A551DF816C600CD64B5 /* Sources */ = {
			isa = PBXSourcesBuildPhase;
			buildActionMask = 2147483647;
			files = (
				38DE6A5E1DF816C600CD64B5 /* ZJMsgListViewCtlTests.m in Sources */,
			);
			runOnlyForDeploymentPostprocessing = 0;
		};
		38DE6A601DF816C600CD64B5 /* Sources */ = {
			isa = PBXSourcesBuildPhase;
			buildActionMask = 2147483647;
			files = (
				38DE6A691DF816C600CD64B5 /* ZJMsgListViewCtlUITests.m in Sources */,
			);
			runOnlyForDeploymentPostprocessing = 0;
		};
/* End PBXSourcesBuildPhase section */

/* Begin PBXTargetDependency section */
		38DE6A5B1DF816C600CD64B5 /* PBXTargetDependency */ = {
			isa = PBXTargetDependency;
			target = 38DE6A3C1DF816C500CD64B5 /* ZJMsgListViewCtl */;
			targetProxy = 38DE6A5A1DF816C600CD64B5 /* PBXContainerItemProxy */;
		};
		38DE6A661DF816C600CD64B5 /* PBXTargetDependency */ = {
			isa = PBXTargetDependency;
			target = 38DE6A3C1DF816C500CD64B5 /* ZJMsgListViewCtl */;
			targetProxy = 38DE6A651DF816C600CD64B5 /* PBXContainerItemProxy */;
		};
/* End PBXTargetDependency section */

/* Begin PBXVariantGroup section */
		38DE6A491DF816C500CD64B5 /* Main.storyboard */ = {
			isa = PBXVariantGroup;
			children = (
				38DE6A4A1DF816C500CD64B5 /* Base */,
			);
			name = Main.storyboard;
			sourceTree = "<group>";
		};
		38DE6A511DF816C600CD64B5 /* LaunchScreen.storyboard */ = {
			isa = PBXVariantGroup;
			children = (
				38DE6A521DF816C600CD64B5 /* Base */,
			);
			name = LaunchScreen.storyboard;
			sourceTree = "<group>";
		};
/* End PBXVariantGroup section */

/* Begin XCBuildConfiguration section */
		38DE6A6B1DF816C600CD64B5 /* Debug */ = {
			isa = XCBuildConfiguration;
			buildSettings = {
				ALWAYS_SEARCH_USER_PATHS = NO;
				CLANG_ANALYZER_NONNULL = YES;
				CLANG_CXX_LANGUAGE_STANDARD = "gnu++0x";
				CLANG_CXX_LIBRARY = "libc++";
				CLANG_ENABLE_MODULES = YES;
				CLANG_ENABLE_OBJC_ARC = YES;
				CLANG_WARN_BOOL_CONVERSION = YES;
				CLANG_WARN_CONSTANT_CONVERSION = YES;
				CLANG_WARN_DIRECT_OBJC_ISA_USAGE = YES_ERROR;
				CLANG_WARN_DOCUMENTATION_COMMENTS = YES;
				CLANG_WARN_EMPTY_BODY = YES;
				CLANG_WARN_ENUM_CONVERSION = YES;
				CLANG_WARN_INFINITE_RECURSION = YES;
				CLANG_WARN_INT_CONVERSION = YES;
				CLANG_WARN_OBJC_ROOT_CLASS = YES_ERROR;
				CLANG_WARN_SUSPICIOUS_MOVES = YES;
				CLANG_WARN_UNREACHABLE_CODE = YES;
				CLANG_WARN__DUPLICATE_METHOD_MATCH = YES;
				"CODE_SIGN_IDENTITY[sdk=iphoneos*]" = "iPhone Developer";
				COPY_PHASE_STRIP = NO;
				DEBUG_INFORMATION_FORMAT = dwarf;
				ENABLE_STRICT_OBJC_MSGSEND = YES;
				ENABLE_TESTABILITY = YES;
				GCC_C_LANGUAGE_STANDARD = gnu99;
				GCC_DYNAMIC_NO_PIC = NO;
				GCC_NO_COMMON_BLOCKS = YES;
				GCC_OPTIMIZATION_LEVEL = 0;
				GCC_PREPROCESSOR_DEFINITIONS = (
					"DEBUG=1",
					"$(inherited)",
				);
				GCC_WARN_64_TO_32_BIT_CONVERSION = YES;
				GCC_WARN_ABOUT_RETURN_TYPE = YES_ERROR;
				GCC_WARN_UNDECLARED_SELECTOR = YES;
				GCC_WARN_UNINITIALIZED_AUTOS = YES_AGGRESSIVE;
				GCC_WARN_UNUSED_FUNCTION = YES;
				GCC_WARN_UNUSED_VARIABLE = YES;
				IPHONEOS_DEPLOYMENT_TARGET = 10.1;
				MTL_ENABLE_DEBUG_INFO = YES;
				ONLY_ACTIVE_ARCH = YES;
				SDKROOT = iphoneos;
			};
			name = Debug;
		};
		38DE6A6C1DF816C600CD64B5 /* Release */ = {
			isa = XCBuildConfiguration;
			buildSettings = {
				ALWAYS_SEARCH_USER_PATHS = NO;
				CLANG_ANALYZER_NONNULL = YES;
				CLANG_CXX_LANGUAGE_STANDARD = "gnu++0x";
				CLANG_CXX_LIBRARY = "libc++";
				CLANG_ENABLE_MODULES = YES;
				CLANG_ENABLE_OBJC_ARC = YES;
				CLANG_WARN_BOOL_CONVERSION = YES;
				CLANG_WARN_CONSTANT_CONVERSION = YES;
				CLANG_WARN_DIRECT_OBJC_ISA_USAGE = YES_ERROR;
				CLANG_WARN_DOCUMENTATION_COMMENTS = YES;
				CLANG_WARN_EMPTY_BODY = YES;
				CLANG_WARN_ENUM_CONVERSION = YES;
				CLANG_WARN_INFINITE_RECURSION = YES;
				CLANG_WARN_INT_CONVERSION = YES;
				CLANG_WARN_OBJC_ROOT_CLASS = YES_ERROR;
				CLANG_WARN_SUSPICIOUS_MOVES = YES;
				CLANG_WARN_UNREACHABLE_CODE = YES;
				CLANG_WARN__DUPLICATE_METHOD_MATCH = YES;
				"CODE_SIGN_IDENTITY[sdk=iphoneos*]" = "iPhone Developer";
				COPY_PHASE_STRIP = NO;
				DEBUG_INFORMATION_FORMAT = "dwarf-with-dsym";
				ENABLE_NS_ASSERTIONS = NO;
				ENABLE_STRICT_OBJC_MSGSEND = YES;
				GCC_C_LANGUAGE_STANDARD = gnu99;
				GCC_NO_COMMON_BLOCKS = YES;
				GCC_WARN_64_TO_32_BIT_CONVERSION = YES;
				GCC_WARN_ABOUT_RETURN_TYPE = YES_ERROR;
				GCC_WARN_UNDECLARED_SELECTOR = YES;
				GCC_WARN_UNINITIALIZED_AUTOS = YES_AGGRESSIVE;
				GCC_WARN_UNUSED_FUNCTION = YES;
				GCC_WARN_UNUSED_VARIABLE = YES;
				IPHONEOS_DEPLOYMENT_TARGET = 10.1;
				MTL_ENABLE_DEBUG_INFO = NO;
				SDKROOT = iphoneos;
				VALIDATE_PRODUCT = YES;
			};
			name = Release;
		};
		38DE6A6E1DF816C600CD64B5 /* Debug */ = {
			isa = XCBuildConfiguration;
			buildSettings = {
				ASSETCATALOG_COMPILER_APPICON_NAME = AppIcon;
				INFOPLIST_FILE = ZJMsgListViewCtl/Info.plist;
				LD_RUNPATH_SEARCH_PATHS = "$(inherited) @executable_path/Frameworks";
				PRODUCT_BUNDLE_IDENTIFIER = com.lp.ZJMsgListViewCtl;
				PRODUCT_NAME = "$(TARGET_NAME)";
			};
			name = Debug;
		};
		38DE6A6F1DF816C600CD64B5 /* Release */ = {
			isa = XCBuildConfiguration;
			buildSettings = {
				ASSETCATALOG_COMPILER_APPICON_NAME = AppIcon;
				INFOPLIST_FILE = ZJMsgListViewCtl/Info.plist;
				LD_RUNPATH_SEARCH_PATHS = "$(inherited) @executable_path/Frameworks";
				PRODUCT_BUNDLE_IDENTIFIER = com.lp.ZJMsgListViewCtl;
				PRODUCT_NAME = "$(TARGET_NAME)";
			};
			name = Release;
		};
		38DE6A711DF816C600CD64B5 /* Debug */ = {
			isa = XCBuildConfiguration;
			buildSettings = {
				BUNDLE_LOADER = "$(TEST_HOST)";
				INFOPLIST_FILE = ZJMsgListViewCtlTests/Info.plist;
				LD_RUNPATH_SEARCH_PATHS = "$(inherited) @executable_path/Frameworks @loader_path/Frameworks";
				PRODUCT_BUNDLE_IDENTIFIER = com.lp.ZJMsgListViewCtlTests;
				PRODUCT_NAME = "$(TARGET_NAME)";
				TEST_HOST = "$(BUILT_PRODUCTS_DIR)/ZJMsgListViewCtl.app/ZJMsgListViewCtl";
			};
			name = Debug;
		};
		38DE6A721DF816C600CD64B5 /* Release */ = {
			isa = XCBuildConfiguration;
			buildSettings = {
				BUNDLE_LOADER = "$(TEST_HOST)";
				INFOPLIST_FILE = ZJMsgListViewCtlTests/Info.plist;
				LD_RUNPATH_SEARCH_PATHS = "$(inherited) @executable_path/Frameworks @loader_path/Frameworks";
				PRODUCT_BUNDLE_IDENTIFIER = com.lp.ZJMsgListViewCtlTests;
				PRODUCT_NAME = "$(TARGET_NAME)";
				TEST_HOST = "$(BUILT_PRODUCTS_DIR)/ZJMsgListViewCtl.app/ZJMsgListViewCtl";
			};
			name = Release;
		};
		38DE6A741DF816C600CD64B5 /* Debug */ = {
			isa = XCBuildConfiguration;
			buildSettings = {
				INFOPLIST_FILE = ZJMsgListViewCtlUITests/Info.plist;
				LD_RUNPATH_SEARCH_PATHS = "$(inherited) @executable_path/Frameworks @loader_path/Frameworks";
				PRODUCT_BUNDLE_IDENTIFIER = com.lp.ZJMsgListViewCtlUITests;
				PRODUCT_NAME = "$(TARGET_NAME)";
				TEST_TARGET_NAME = ZJMsgListViewCtl;
			};
			name = Debug;
		};
		38DE6A751DF816C600CD64B5 /* Release */ = {
			isa = XCBuildConfiguration;
			buildSettings = {
				INFOPLIST_FILE = ZJMsgListViewCtlUITests/Info.plist;
				LD_RUNPATH_SEARCH_PATHS = "$(inherited) @executable_path/Frameworks @loader_path/Frameworks";
				PRODUCT_BUNDLE_IDENTIFIER = com.lp.ZJMsgListViewCtlUITests;
				PRODUCT_NAME = "$(TARGET_NAME)";
				TEST_TARGET_NAME = ZJMsgListViewCtl;
			};
			name = Release;
		};
/* End XCBuildConfiguration section */

/* Begin XCConfigurationList section */
		38DE6A381DF816C500CD64B5 /* Build configuration list for PBXProject "ZJMsgListViewCtl" */ = {
			isa = XCConfigurationList;
			buildConfigurations = (
				38DE6A6B1DF816C600CD64B5 /* Debug */,
				38DE6A6C1DF816C600CD64B5 /* Release */,
			);
			defaultConfigurationIsVisible = 0;
			defaultConfigurationName = Release;
		};
		38DE6A6D1DF816C600CD64B5 /* Build configuration list for PBXNativeTarget "ZJMsgListViewCtl" */ = {
			isa = XCConfigurationList;
			buildConfigurations = (
				38DE6A6E1DF816C600CD64B5 /* Debug */,
				38DE6A6F1DF816C600CD64B5 /* Release */,
			);
			defaultConfigurationIsVisible = 0;
		};
		38DE6A701DF816C600CD64B5 /* Build configuration list for PBXNativeTarget "ZJMsgListViewCtlTests" */ = {
			isa = XCConfigurationList;
			buildConfigurations = (
				38DE6A711DF816C600CD64B5 /* Debug */,
				38DE6A721DF816C600CD64B5 /* Release */,
			);
			defaultConfigurationIsVisible = 0;
		};
		38DE6A731DF816C600CD64B5 /* Build configuration list for PBXNativeTarget "ZJMsgListViewCtlUITests" */ = {
			isa = XCConfigurationList;
			buildConfigurations = (
				38DE6A741DF816C600CD64B5 /* Debug */,
				38DE6A751DF816C600CD64B5 /* Release */,
			);
			defaultConfigurationIsVisible = 0;
		};
/* End XCConfigurationList section */

/* Begin XCVersionGroup section */
		38DE6A4C1DF816C600CD64B5 /* ZJMsgListViewCtl.xcdatamodeld */ = {
			isa = XCVersionGroup;
			children = (
				38DE6A4D1DF816C600CD64B5 /* ZJMsgListViewCtl.xcdatamodel */,
			);
			currentVersion = 38DE6A4D1DF816C600CD64B5 /* ZJMsgListViewCtl.xcdatamodel */;
			path = ZJMsgListViewCtl.xcdatamodeld;
			sourceTree = "<group>";
			versionGroupType = wrapper.xcdatamodel;
		};
/* End XCVersionGroup section */
	};
	rootObject = 38DE6A351DF816C500CD64B5 /* Project object */;
}
